
Microsoft Visual Studio Solution File, Format Version 12.00
# Visual Studio 14
VisualStudioVersion = 14.0.23107.0
MinimumVisualStudioVersion = 10.0.40219.1
Project("{FAE04EC0-301F-11D3-BF4B-00C04F79EFBC}") = "TheHunt", "TheHunt\TheHunt.csproj", "{7AEB4455-B1D4-4A6E-AC2C-37EB4B5C02EB}"
EndProject
Project("{FAE04EC0-301F-11D3-BF4B-00C04F79EFBC}") = "TheHuntUnitTests", "TheHuntUnitTests\TheHuntUnitTests.csproj", "{202550AF-74B3-4BE7-A7E8-38B6B9ECC3E9}"
EndProject
Project("{FAE04EC0-301F-11D3-BF4B-00C04F79EFBC}") = "unitTest", "unitTest\unitTest.csproj", "{6B36C11D-3628-455D-8AF6-C65B1EC82A0A}"
EndProject
Global
	GlobalSection(SolutionConfigurationPlatforms) = preSolution
		Debug|Any CPU = Debug|Any CPU
		Release|Any CPU = Release|Any CPU
	EndGlobalSection
	GlobalSection(ProjectConfigurationPlatforms) = postSolution
		{7AEB4455-B1D4-4A6E-AC2C-37EB4B5C02EB}.Debug|Any CPU.ActiveCfg = Debug|Any CPU
		{7AEB4455-B1D4-4A6E-AC2C-37EB4B5C02EB}.Debug|Any CPU.Build.0 = Debug|Any CPU
		{7AEB4455-B1D4-4A6E-AC2C-37EB4B5C02EB}.Release|Any CPU.ActiveCfg = Release|Any CPU
		{7AEB4455-B1D4-4A6E-AC2C-37EB4B5C02EB}.Release|Any CPU.Build.0 = Release|Any CPU
		{202550AF-74B3-4BE7-A7E8-38B6B9ECC3E9}.Debug|Any CPU.ActiveCfg = Debug|Any CPU
		{202550AF-74B3-4BE7-A7E8-38B6B9ECC3E9}.Debug|Any CPU.Build.0 = Debug|Any CPU
		{202550AF-74B3-4BE7-A7E8-38B6B9ECC3E9}.Release|Any CPU.ActiveCfg = Release|Any CPU
		{202550AF-74B3-4BE7-A7E8-38B6B9ECC3E9}.Release|Any CPU.Build.0 = Release|Any CPU
		{6B36C11D-3628-455D-8AF6-C65B1EC82A0A}.Debug|Any CPU.ActiveCfg = Debug|Any CPU
		{6B36C11D-3628-455D-8AF6-C65B1EC82A0A}.Debug|Any CPU.Build.0 = Debug|Any CPU
		{6B36C11D-3628-455D-8AF6-C65B1EC82A0A}.Release|Any CPU.ActiveCfg = Release|Any CPU
		{6B36C11D-3628-455D-8AF6-C65B1EC82A0A}.Release|Any CPU.Build.0 = Release|Any CPU
	EndGlobalSection
	GlobalSection(SolutionProperties) = preSolution
		HideSolutionNode = FALSE
	EndGlobalSection
EndGlobal
